// !$*UTF8*$!
{
	archiveVersion = 1;
	classes = {
	};
	objectVersion = 56;
	objects = {

/* Begin PBXBuildFile section */
		FE5FC8912BBBF1B500C8F89C /* SQLITodoAppApp.swift in Sources */ = {isa = PBXBuildFile; fileRef = FE5FC8902BBBF1B500C8F89C /* SQLITodoAppApp.swift */; };
		FE5FC8932BBBF1B500C8F89C /* ContentView.swift in Sources */ = {isa = PBXBuildFile; fileRef = FE5FC8922BBBF1B500C8F89C /* ContentView.swift */; };
		FE5FC8952BBBF1B500C8F89C /* Item.swift in Sources */ = {isa = PBXBuildFile; fileRef = FE5FC8942BBBF1B500C8F89C /* Item.swift */; };
		FE5FC8972BBBF1BB00C8F89C /* Assets.xcassets in Resources */ = {isa = PBXBuildFile; fileRef = FE5FC8962BBBF1BB00C8F89C /* Assets.xcassets */; };
		FE5FC89A2BBBF1BB00C8F89C /* Preview Assets.xcassets in Resources */ = {isa = PBXBuildFile; fileRef = FE5FC8992BBBF1BB00C8F89C /* Preview Assets.xcassets */; };
		FE5FC8A92BBBFD1100C8F89C /* LoginView.swift in Sources */ = {isa = PBXBuildFile; fileRef = FE5FC8A82BBBFD1100C8F89C /* LoginView.swift */; };
		FE5FC8AC2BBBFE1A00C8F89C /* InputView.swift in Sources */ = {isa = PBXBuildFile; fileRef = FE5FC8AB2BBBFE1A00C8F89C /* InputView.swift */; };
		FE5FC8AE2BBC045200C8F89C /* RegistrationView.swift in Sources */ = {isa = PBXBuildFile; fileRef = FE5FC8AD2BBC045200C8F89C /* RegistrationView.swift */; };
		FE5FC8B22BBC07EF00C8F89C /* ProfileView.swift in Sources */ = {isa = PBXBuildFile; fileRef = FE5FC8B12BBC07EF00C8F89C /* ProfileView.swift */; };
		FE5FC8B42BBC0DD700C8F89C /* SettingsRowView.swift in Sources */ = {isa = PBXBuildFile; fileRef = FE5FC8B32BBC0DD700C8F89C /* SettingsRowView.swift */; };
/* End PBXBuildFile section */

/* Begin PBXFileReference section */
		FE5FC88D2BBBF1B500C8F89C /* SQLITodoApp.app */ = {isa = PBXFileReference; explicitFileType = wrapper.application; includeInIndex = 0; path = SQLITodoApp.app; sourceTree = BUILT_PRODUCTS_DIR; };
		FE5FC8902BBBF1B500C8F89C /* SQLITodoAppApp.swift */ = {isa = PBXFileReference; lastKnownFileType = sourcecode.swift; path = SQLITodoAppApp.swift; sourceTree = "<group>"; };
		FE5FC8922BBBF1B500C8F89C /* ContentView.swift */ = {isa = PBXFileReference; lastKnownFileType = sourcecode.swift; path = ContentView.swift; sourceTree = "<group>"; };
		FE5FC8942BBBF1B500C8F89C /* Item.swift */ = {isa = PBXFileReference; lastKnownFileType = sourcecode.swift; path = Item.swift; sourceTree = "<group>"; };
		FE5FC8962BBBF1BB00C8F89C /* Assets.xcassets */ = {isa = PBXFileReference; lastKnownFileType = folder.assetcatalog; path = Assets.xcassets; sourceTree = "<group>"; };
		FE5FC8992BBBF1BB00C8F89C /* Preview Assets.xcassets */ = {isa = PBXFileReference; lastKnownFileType = folder.assetcatalog; path = "Preview Assets.xcassets"; sourceTree = "<group>"; };
		FE5FC8A82BBBFD1100C8F89C /* LoginView.swift */ = {isa = PBXFileReference; lastKnownFileType = sourcecode.swift; path = LoginView.swift; sourceTree = "<group>"; };
		FE5FC8AB2BBBFE1A00C8F89C /* InputView.swift */ = {isa = PBXFileReference; lastKnownFileType = sourcecode.swift; path = InputView.swift; sourceTree = "<group>"; };
		FE5FC8AD2BBC045200C8F89C /* RegistrationView.swift */ = {isa = PBXFileReference; lastKnownFileType = sourcecode.swift; path = RegistrationView.swift; sourceTree = "<group>"; };
		FE5FC8B12BBC07EF00C8F89C /* ProfileView.swift */ = {isa = PBXFileReference; lastKnownFileType = sourcecode.swift; path = ProfileView.swift; sourceTree = "<group>"; };
		FE5FC8B32BBC0DD700C8F89C /* SettingsRowView.swift */ = {isa = PBXFileReference; lastKnownFileType = sourcecode.swift; path = SettingsRowView.swift; sourceTree = "<group>"; };
/* End PBXFileReference section */

/* Begin PBXFrameworksBuildPhase section */
		FE5FC88A2BBBF1B500C8F89C /* Frameworks */ = {
			isa = PBXFrameworksBuildPhase;
			buildActionMask = 2147483647;
			files = (
			);
			runOnlyForDeploymentPostprocessing = 0;
		};
/* End PBXFrameworksBuildPhase section */

/* Begin PBXGroup section */
		FE5FC8842BBBF1B500C8F89C = {
			isa = PBXGroup;
			children = (
				FE5FC88F2BBBF1B500C8F89C /* SQLITodoApp */,
				FE5FC88E2BBBF1B500C8F89C /* Products */,
			);
			sourceTree = "<group>";
		};
		FE5FC88E2BBBF1B500C8F89C /* Products */ = {
			isa = PBXGroup;
			children = (
				FE5FC88D2BBBF1B500C8F89C /* SQLITodoApp.app */,
			);
			name = Products;
			sourceTree = "<group>";
		};
		FE5FC88F2BBBF1B500C8F89C /* SQLITodoApp */ = {
			isa = PBXGroup;
			children = (
				FE5FC8A02BBBFC3000C8F89C /* App */,
				FE5FC8A32BBBFC7600C8F89C /* Auth */,
				FE5FC8AF2BBC07CC00C8F89C /* Profile */,
				FE5FC8AA2BBBFE0100C8F89C /* Components */,
				FE5FC8A22BBBFC4800C8F89C /* Root */,
				FE5FC8942BBBF1B500C8F89C /* Item.swift */,
				FE5FC8962BBBF1BB00C8F89C /* Assets.xcassets */,
				FE5FC8982BBBF1BB00C8F89C /* Preview Content */,
			);
			path = SQLITodoApp;
			sourceTree = "<group>";
		};
		FE5FC8982BBBF1BB00C8F89C /* Preview Content */ = {
			isa = PBXGroup;
			children = (
				FE5FC8992BBBF1BB00C8F89C /* Preview Assets.xcassets */,
			);
			path = "Preview Content";
			sourceTree = "<group>";
		};
		FE5FC8A02BBBFC3000C8F89C /* App */ = {
			isa = PBXGroup;
			children = (
				FE5FC8902BBBF1B500C8F89C /* SQLITodoAppApp.swift */,
			);
			path = App;
			sourceTree = "<group>";
		};
		FE5FC8A22BBBFC4800C8F89C /* Root */ = {
			isa = PBXGroup;
			children = (
				FE5FC8922BBBF1B500C8F89C /* ContentView.swift */,
			);
			path = Root;
			sourceTree = "<group>";
		};
		FE5FC8A32BBBFC7600C8F89C /* Auth */ = {
			isa = PBXGroup;
			children = (
				FE5FC8A42BBBFCE200C8F89C /* View */,
			);
			path = Auth;
			sourceTree = "<group>";
		};
		FE5FC8A42BBBFCE200C8F89C /* View */ = {
			isa = PBXGroup;
			children = (
				FE5FC8A82BBBFD1100C8F89C /* LoginView.swift */,
				FE5FC8AD2BBC045200C8F89C /* RegistrationView.swift */,
			);
			path = View;
			sourceTree = "<group>";
		};
		FE5FC8AA2BBBFE0100C8F89C /* Components */ = {
			isa = PBXGroup;
			children = (
				FE5FC8AB2BBBFE1A00C8F89C /* InputView.swift */,
				FE5FC8B32BBC0DD700C8F89C /* SettingsRowView.swift */,
			);
			path = Components;
			sourceTree = "<group>";
		};
		FE5FC8AF2BBC07CC00C8F89C /* Profile */ = {
			isa = PBXGroup;
			children = (
				FE5FC8B02BBC07E100C8F89C /* View */,
			);
			path = Profile;
			sourceTree = "<group>";
		};
		FE5FC8B02BBC07E100C8F89C /* View */ = {
			isa = PBXGroup;
			children = (
				FE5FC8B12BBC07EF00C8F89C /* ProfileView.swift */,
			);
			path = View;
			sourceTree = "<group>";
		};
/* End PBXGroup section */

/* Begin PBXNativeTarget section */
		FE5FC88C2BBBF1B500C8F89C /* SQLITodoApp */ = {
			isa = PBXNativeTarget;
			buildConfigurationList = FE5FC89D2BBBF1BB00C8F89C /* Build configuration list for PBXNativeTarget "SQLITodoApp" */;
			buildPhases = (
				FE5FC8892BBBF1B500C8F89C /* Sources */,
				FE5FC88A2BBBF1B500C8F89C /* Frameworks */,
				FE5FC88B2BBBF1B500C8F89C /* Resources */,
			);
			buildRules = (
			);
			dependencies = (
			);
			name = SQLITodoApp;
			productName = SQLITodoApp;
			productReference = FE5FC88D2BBBF1B500C8F89C /* SQLITodoApp.app */;
			productType = "com.apple.product-type.application";
		};
/* End PBXNativeTarget section */

/* Begin PBXProject section */
		FE5FC8852BBBF1B500C8F89C /* Project object */ = {
			isa = PBXProject;
			attributes = {
				BuildIndependentTargetsInParallel = 1;
				LastSwiftUpdateCheck = 1520;
				LastUpgradeCheck = 1520;
				TargetAttributes = {
					FE5FC88C2BBBF1B500C8F89C = {
						CreatedOnToolsVersion = 15.2;
					};
				};
			};
			buildConfigurationList = FE5FC8882BBBF1B500C8F89C /* Build configuration list for PBXProject "SQLITodoApp" */;
			compatibilityVersion = "Xcode 14.0";
			developmentRegion = en;
			hasScannedForEncodings = 0;
			knownRegions = (
				en,
				Base,
			);
			mainGroup = FE5FC8842BBBF1B500C8F89C;
			productRefGroup = FE5FC88E2BBBF1B500C8F89C /* Products */;
			projectDirPath = "";
			projectRoot = "";
			targets = (
				FE5FC88C2BBBF1B500C8F89C /* SQLITodoApp */,
			);
		};
/* End PBXProject section */

/* Begin PBXResourcesBuildPhase section */
		FE5FC88B2BBBF1B500C8F89C /* Resources */ = {
			isa = PBXResourcesBuildPhase;
			buildActionMask = 2147483647;
			files = (
				FE5FC89A2BBBF1BB00C8F89C /* Preview Assets.xcassets in Resources */,
				FE5FC8972BBBF1BB00C8F89C /* Assets.xcassets in Resources */,
			);
			runOnlyForDeploymentPostprocessing = 0;
		};
/* End PBXResourcesBuildPhase section */

/* Begin PBXSourcesBuildPhase section */
		FE5FC8892BBBF1B500C8F89C /* Sources */ = {
			isa = PBXSourcesBuildPhase;
			buildActionMask = 2147483647;
			files = (
				FE5FC8932BBBF1B500C8F89C /* ContentView.swift in Sources */,
				FE5FC8952BBBF1B500C8F89C /* Item.swift in Sources */,
				FE5FC8AC2BBBFE1A00C8F89C /* InputView.swift in Sources */,
				FE5FC8AE2BBC045200C8F89C /* RegistrationView.swift in Sources */,
				FE5FC8B42BBC0DD700C8F89C /* SettingsRowView.swift in Sources */,
				FE5FC8A92BBBFD1100C8F89C /* LoginView.swift in Sources */,
				FE5FC8B22BBC07EF00C8F89C /* ProfileView.swift in Sources */,
				FE5FC8912BBBF1B500C8F89C /* SQLITodoAppApp.swift in Sources */,
			);
			runOnlyForDeploymentPostprocessing = 0;
		};
/* End PBXSourcesBuildPhase section */

/* Begin XCBuildConfiguration section */
		FE5FC89B2BBBF1BB00C8F89C /* Debug */ = {
			isa = XCBuildConfiguration;
			buildSettings = {
				ALWAYS_SEARCH_USER_PATHS = NO;
				ASSETCATALOG_COMPILER_GENERATE_SWIFT_ASSET_SYMBOL_EXTENSIONS = YES;
				CLANG_ANALYZER_NONNULL = YES;
				CLANG_ANALYZER_NUMBER_OBJECT_CONVERSION = YES_AGGRESSIVE;
				CLANG_CXX_LANGUAGE_STANDARD = "gnu++20";
				CLANG_ENABLE_MODULES = YES;
				CLANG_ENABLE_OBJC_ARC = YES;
				CLANG_ENABLE_OBJC_WEAK = YES;
				CLANG_WARN_BLOCK_CAPTURE_AUTORELEASING = YES;
				CLANG_WARN_BOOL_CONVERSION = YES;
				CLANG_WARN_COMMA = YES;
				CLANG_WARN_CONSTANT_CONVERSION = YES;
				CLANG_WARN_DEPRECATED_OBJC_IMPLEMENTATIONS = YES;
				CLANG_WARN_DIRECT_OBJC_ISA_USAGE = YES_ERROR;
				CLANG_WARN_DOCUMENTATION_COMMENTS = YES;
				CLANG_WARN_EMPTY_BODY = YES;
				CLANG_WARN_ENUM_CONVERSION = YES;
				CLANG_WARN_INFINITE_RECURSION = YES;
				CLANG_WARN_INT_CONVERSION = YES;
				CLANG_WARN_NON_LITERAL_NULL_CONVERSION = YES;
				CLANG_WARN_OBJC_IMPLICIT_RETAIN_SELF = YES;
				CLANG_WARN_OBJC_LITERAL_CONVERSION = YES;
				CLANG_WARN_OBJC_ROOT_CLASS = YES_ERROR;
				CLANG_WARN_QUOTED_INCLUDE_IN_FRAMEWORK_HEADER = YES;
				CLANG_WARN_RANGE_LOOP_ANALYSIS = YES;
				CLANG_WARN_STRICT_PROTOTYPES = YES;
				CLANG_WARN_SUSPICIOUS_MOVE = YES;
				CLANG_WARN_UNGUARDED_AVAILABILITY = YES_AGGRESSIVE;
				CLANG_WARN_UNREACHABLE_CODE = YES;
				CLANG_WARN__DUPLICATE_METHOD_MATCH = YES;
				COPY_PHASE_STRIP = NO;
				DEBUG_INFORMATION_FORMAT = dwarf;
				ENABLE_STRICT_OBJC_MSGSEND = YES;
				ENABLE_TESTABILITY = YES;
				ENABLE_USER_SCRIPT_SANDBOXING = YES;
				GCC_C_LANGUAGE_STANDARD = gnu17;
				GCC_DYNAMIC_NO_PIC = NO;
				GCC_NO_COMMON_BLOCKS = YES;
				GCC_OPTIMIZATION_LEVEL = 0;
				GCC_PREPROCESSOR_DEFINITIONS = (
					"DEBUG=1",
					"$(inherited)",
				);
				GCC_WARN_64_TO_32_BIT_CONVERSION = YES;
				GCC_WARN_ABOUT_RETURN_TYPE = YES_ERROR;
				GCC_WARN_UNDECLARED_SELECTOR = YES;
				GCC_WARN_UNINITIALIZED_AUTOS = YES_AGGRESSIVE;
				GCC_WARN_UNUSED_FUNCTION = YES;
				GCC_WARN_UNUSED_VARIABLE = YES;
				IPHONEOS_DEPLOYMENT_TARGET = 17.2;
				LOCALIZATION_PREFERS_STRING_CATALOGS = YES;
				MTL_ENABLE_DEBUG_INFO = INCLUDE_SOURCE;
				MTL_FAST_MATH = YES;
				ONLY_ACTIVE_ARCH = YES;
				SDKROOT = iphoneos;
				SWIFT_ACTIVE_COMPILATION_CONDITIONS = "DEBUG $(inherited)";
				SWIFT_OPTIMIZATION_LEVEL = "-Onone";
			};
			name = Debug;
		};
		FE5FC89C2BBBF1BB00C8F89C /* Release */ = {
			isa = XCBuildConfiguration;
			buildSettings = {
				ALWAYS_SEARCH_USER_PATHS = NO;
				ASSETCATALOG_COMPILER_GENERATE_SWIFT_ASSET_SYMBOL_EXTENSIONS = YES;
				CLANG_ANALYZER_NONNULL = YES;
				CLANG_ANALYZER_NUMBER_OBJECT_CONVERSION = YES_AGGRESSIVE;
				CLANG_CXX_LANGUAGE_STANDARD = "gnu++20";
				CLANG_ENABLE_MODULES = YES;
				CLANG_ENABLE_OBJC_ARC = YES;
				CLANG_ENABLE_OBJC_WEAK = YES;
				CLANG_WARN_BLOCK_CAPTURE_AUTORELEASING = YES;
				CLANG_WARN_BOOL_CONVERSION = YES;
				CLANG_WARN_COMMA = YES;
				CLANG_WARN_CONSTANT_CONVERSION = YES;
				CLANG_WARN_DEPRECATED_OBJC_IMPLEMENTATIONS = YES;
				CLANG_WARN_DIRECT_OBJC_ISA_USAGE = YES_ERROR;
				CLANG_WARN_DOCUMENTATION_COMMENTS = YES;
				CLANG_WARN_EMPTY_BODY = YES;
				CLANG_WARN_ENUM_CONVERSION = YES;
				CLANG_WARN_INFINITE_RECURSION = YES;
				CLANG_WARN_INT_CONVERSION = YES;
				CLANG_WARN_NON_LITERAL_NULL_CONVERSION = YES;
				CLANG_WARN_OBJC_IMPLICIT_RETAIN_SELF = YES;
				CLANG_WARN_OBJC_LITERAL_CONVERSION = YES;
				CLANG_WARN_OBJC_ROOT_CLASS = YES_ERROR;
				CLANG_WARN_QUOTED_INCLUDE_IN_FRAMEWORK_HEADER = YES;
				CLANG_WARN_RANGE_LOOP_ANALYSIS = YES;
				CLANG_WARN_STRICT_PROTOTYPES = YES;
				CLANG_WARN_SUSPICIOUS_MOVE = YES;
				CLANG_WARN_UNGUARDED_AVAILABILITY = YES_AGGRESSIVE;
				CLANG_WARN_UNREACHABLE_CODE = YES;
				CLANG_WARN__DUPLICATE_METHOD_MATCH = YES;
				COPY_PHASE_STRIP = NO;
				DEBUG_INFORMATION_FORMAT = "dwarf-with-dsym";
				ENABLE_NS_ASSERTIONS = NO;
				ENABLE_STRICT_OBJC_MSGSEND = YES;
				ENABLE_USER_SCRIPT_SANDBOXING = YES;
				GCC_C_LANGUAGE_STANDARD = gnu17;
				GCC_NO_COMMON_BLOCKS = YES;
				GCC_WARN_64_TO_32_BIT_CONVERSION = YES;
				GCC_WARN_ABOUT_RETURN_TYPE = YES_ERROR;
				GCC_WARN_UNDECLARED_SELECTOR = YES;
				GCC_WARN_UNINITIALIZED_AUTOS = YES_AGGRESSIVE;
				GCC_WARN_UNUSED_FUNCTION = YES;
				GCC_WARN_UNUSED_VARIABLE = YES;
				IPHONEOS_DEPLOYMENT_TARGET = 17.2;
				LOCALIZATION_PREFERS_STRING_CATALOGS = YES;
				MTL_ENABLE_DEBUG_INFO = NO;
				MTL_FAST_MATH = YES;
				SDKROOT = iphoneos;
				SWIFT_COMPILATION_MODE = wholemodule;
				VALIDATE_PRODUCT = YES;
			};
			name = Release;
		};
		FE5FC89E2BBBF1BB00C8F89C /* Debug */ = {
			isa = XCBuildConfiguration;
			buildSettings = {
				ASSETCATALOG_COMPILER_APPICON_NAME = AppIcon;
				ASSETCATALOG_COMPILER_GLOBAL_ACCENT_COLOR_NAME = AccentColor;
				CODE_SIGN_STYLE = Automatic;
				CURRENT_PROJECT_VERSION = 1;
				DEVELOPMENT_ASSET_PATHS = "\"SQLITodoApp/Preview Content\"";
				DEVELOPMENT_TEAM = BMA87UN8W9;
				ENABLE_PREVIEWS = YES;
				GENERATE_INFOPLIST_FILE = YES;
				INFOPLIST_KEY_UIApplicationSceneManifest_Generation = YES;
				INFOPLIST_KEY_UIApplicationSupportsIndirectInputEvents = YES;
				INFOPLIST_KEY_UILaunchScreen_Generation = YES;
				INFOPLIST_KEY_UISupportedInterfaceOrientations_iPad = "UIInterfaceOrientationPortrait UIInterfaceOrientationPortraitUpsideDown UIInterfaceOrientationLandscapeLeft UIInterfaceOrientationLandscapeRight";
				INFOPLIST_KEY_UISupportedInterfaceOrientations_iPhone = "UIInterfaceOrientationPortrait UIInterfaceOrientationLandscapeLeft UIInterfaceOrientationLandscapeRight";
				LD_RUNPATH_SEARCH_PATHS = (
					"$(inherited)",
					"@executable_path/Frameworks",
				);
				MARKETING_VERSION = 1.0;
				PRODUCT_BUNDLE_IDENTIFIER = com.rxzak.SQLITodoApp;
				PRODUCT_NAME = "$(TARGET_NAME)";
				SWIFT_EMIT_LOC_STRINGS = YES;
				SWIFT_VERSION = 5.0;
				TARGETED_DEVICE_FAMILY = "1,2";
			};
			name = Debug;
		};
		FE5FC89F2BBBF1BB00C8F89C /* Release */ = {
			isa = XCBuildConfiguration;
			buildSettings = {
				ASSETCATALOG_COMPILER_APPICON_NAME = AppIcon;
				ASSETCATALOG_COMPILER_GLOBAL_ACCENT_COLOR_NAME = AccentColor;
				CODE_SIGN_STYLE = Automatic;
				CURRENT_PROJECT_VERSION = 1;
				DEVELOPMENT_ASSET_PATHS = "\"SQLITodoApp/Preview Content\"";
				DEVELOPMENT_TEAM = BMA87UN8W9;
				ENABLE_PREVIEWS = YES;
				GENERATE_INFOPLIST_FILE = YES;
				INFOPLIST_KEY_UIApplicationSceneManifest_Generation = YES;
				INFOPLIST_KEY_UIApplicationSupportsIndirectInputEvents = YES;
				INFOPLIST_KEY_UILaunchScreen_Generation = YES;
				INFOPLIST_KEY_UISupportedInterfaceOrientations_iPad = "UIInterfaceOrientationPortrait UIInterfaceOrientationPortraitUpsideDown UIInterfaceOrientationLandscapeLeft UIInterfaceOrientationLandscapeRight";
				INFOPLIST_KEY_UISupportedInterfaceOrientations_iPhone = "UIInterfaceOrientationPortrait UIInterfaceOrientationLandscapeLeft UIInterfaceOrientationLandscapeRight";
				LD_RUNPATH_SEARCH_PATHS = (
					"$(inherited)",
					"@executable_path/Frameworks",
				);
				MARKETING_VERSION = 1.0;
				PRODUCT_BUNDLE_IDENTIFIER = com.rxzak.SQLITodoApp;
				PRODUCT_NAME = "$(TARGET_NAME)";
				SWIFT_EMIT_LOC_STRINGS = YES;
				SWIFT_VERSION = 5.0;
				TARGETED_DEVICE_FAMILY = "1,2";
			};
			name = Release;
		};
/* End XCBuildConfiguration section */

/* Begin XCConfigurationList section */
		FE5FC8882BBBF1B500C8F89C /* Build configuration list for PBXProject "SQLITodoApp" */ = {
			isa = XCConfigurationList;
			buildConfigurations = (
				FE5FC89B2BBBF1BB00C8F89C /* Debug */,
				FE5FC89C2BBBF1BB00C8F89C /* Release */,
			);
			defaultConfigurationIsVisible = 0;
			defaultConfigurationName = Release;
		};
		FE5FC89D2BBBF1BB00C8F89C /* Build configuration list for PBXNativeTarget "SQLITodoApp" */ = {
			isa = XCConfigurationList;
			buildConfigurations = (
				FE5FC89E2BBBF1BB00C8F89C /* Debug */,
				FE5FC89F2BBBF1BB00C8F89C /* Release */,
			);
			defaultConfigurationIsVisible = 0;
			defaultConfigurationName = Release;
		};
/* End XCConfigurationList section */
	};
	rootObject = FE5FC8852BBBF1B500C8F89C /* Project object */;
}
